
Microsoft Visual Studio Solution File, Format Version 12.00
# Visual Studio Version 17
VisualStudioVersion = 17.14.36221.1 d17.14
MinimumVisualStudioVersion = 10.0.40219.1
Project("{FAE04EC0-301F-11D3-BF4B-00C04F79EFBC}") = "ChallengeLab_2.4", "ChallengeLab_2.4.csproj", "{83947643-CB3F-4F84-A817-54EF62E71613}"
EndProject
Global
	GlobalSection(SolutionConfigurationPlatforms) = preSolution
		Debug|Any CPU = Debug|Any CPU
		Release|Any CPU = Release|Any CPU
	EndGlobalSection
	GlobalSection(ProjectConfigurationPlatforms) = postSolution
		{83947643-CB3F-4F84-A817-54EF62E71613}.Debug|Any CPU.ActiveCfg = Debug|Any CPU
		{83947643-CB3F-4F84-A817-54EF62E71613}.Debug|Any CPU.Build.0 = Debug|Any CPU
		{83947643-CB3F-4F84-A817-54EF62E71613}.Release|Any CPU.ActiveCfg = Release|Any CPU
		{83947643-CB3F-4F84-A817-54EF62E71613}.Release|Any CPU.Build.0 = Release|Any CPU
	EndGlobalSection
	GlobalSection(SolutionProperties) = preSolution
		HideSolutionNode = FALSE
	EndGlobalSection
	GlobalSection(ExtensibilityGlobals) = postSolution
		SolutionGuid = {B01B6FDB-B92D-4704-BF81-89BD6F7E75B6}
	EndGlobalSection
EndGlobal
